
Microsoft Visual Studio Solution File, Format Version 12.00
# Visual Studio Version 17
VisualStudioVersion = 17.2.32616.157
MinimumVisualStudioVersion = 10.0.40219.1
Project("{FAE04EC0-301F-11D3-BF4B-00C04F79EFBC}") = "LearningASP", "LearningASP\LearningASP.csproj", "{EC140105-1945-4DC3-9534-AC1A363489D9}"
EndProject
Global
	GlobalSection(SolutionConfigurationPlatforms) = preSolution
		Debug|Any CPU = Debug|Any CPU
		Release|Any CPU = Release|Any CPU
	EndGlobalSection
	GlobalSection(ProjectConfigurationPlatforms) = postSolution
		{EC140105-1945-4DC3-9534-AC1A363489D9}.Debug|Any CPU.ActiveCfg = Debug|Any CPU
		{EC140105-1945-4DC3-9534-AC1A363489D9}.Debug|Any CPU.Build.0 = Debug|Any CPU
		{EC140105-1945-4DC3-9534-AC1A363489D9}.Release|Any CPU.ActiveCfg = Release|Any CPU
		{EC140105-1945-4DC3-9534-AC1A363489D9}.Release|Any CPU.Build.0 = Release|Any CPU
	EndGlobalSection
	GlobalSection(SolutionProperties) = preSolution
		HideSolutionNode = FALSE
	EndGlobalSection
	GlobalSection(ExtensibilityGlobals) = postSolution
		SolutionGuid = {49EA70C6-DFA5-4477-B6F2-AFAC7C3DDC10}
	EndGlobalSection
EndGlobal
